
Microsoft Visual Studio Solution File, Format Version 12.00
# Visual Studio 15
VisualStudioVersion = 15.0.26430.16
MinimumVisualStudioVersion = 10.0.40219.1
Project("{FAE04EC0-301F-11D3-BF4B-00C04F79EFBC}") = "Cube.Net", "Libraries\Cube.Net.csproj", "{06EDF5D3-6A49-445B-A605-B9A9EE2250E2}"
EndProject
Project("{FAE04EC0-301F-11D3-BF4B-00C04F79EFBC}") = "Cube.Net.Tests", "Tests\Cube.Net.Tests.csproj", "{03DB8859-93F8-4335-BBA1-0C04981A970A}"
EndProject
Project("{FAE04EC0-301F-11D3-BF4B-00C04F79EFBC}") = "Cube.Net.Applications.Rss.Reader", "Applications\Rss.Reader\Cube.Net.Applications.Rss.Reader.csproj", "{C7742724-1786-4FDB-86C1-10090245D25E}"
EndProject
Global
	GlobalSection(SolutionConfigurationPlatforms) = preSolution
		Debug|Any CPU = Debug|Any CPU
		Release|Any CPU = Release|Any CPU
	EndGlobalSection
	GlobalSection(ProjectConfigurationPlatforms) = postSolution
		{06EDF5D3-6A49-445B-A605-B9A9EE2250E2}.Debug|Any CPU.ActiveCfg = Debug|Any CPU
		{06EDF5D3-6A49-445B-A605-B9A9EE2250E2}.Debug|Any CPU.Build.0 = Debug|Any CPU
		{06EDF5D3-6A49-445B-A605-B9A9EE2250E2}.Release|Any CPU.ActiveCfg = Release|Any CPU
		{06EDF5D3-6A49-445B-A605-B9A9EE2250E2}.Release|Any CPU.Build.0 = Release|Any CPU
		{03DB8859-93F8-4335-BBA1-0C04981A970A}.Debug|Any CPU.ActiveCfg = Debug|Any CPU
		{03DB8859-93F8-4335-BBA1-0C04981A970A}.Debug|Any CPU.Build.0 = Debug|Any CPU
		{03DB8859-93F8-4335-BBA1-0C04981A970A}.Release|Any CPU.ActiveCfg = Release|Any CPU
		{03DB8859-93F8-4335-BBA1-0C04981A970A}.Release|Any CPU.Build.0 = Release|Any CPU
		{C7742724-1786-4FDB-86C1-10090245D25E}.Debug|Any CPU.ActiveCfg = Debug|Any CPU
		{C7742724-1786-4FDB-86C1-10090245D25E}.Debug|Any CPU.Build.0 = Debug|Any CPU
		{C7742724-1786-4FDB-86C1-10090245D25E}.Release|Any CPU.ActiveCfg = Release|Any CPU
		{C7742724-1786-4FDB-86C1-10090245D25E}.Release|Any CPU.Build.0 = Release|Any CPU
	EndGlobalSection
	GlobalSection(SolutionProperties) = preSolution
		HideSolutionNode = FALSE
	EndGlobalSection
EndGlobal
