
Microsoft Visual Studio Solution File, Format Version 12.00
# Visual Studio Version 16
VisualStudioVersion = 16.0.30413.136
MinimumVisualStudioVersion = 10.0.40219.1
Project("{9A19103F-16F7-4668-BE54-9A1E7A4F7556}") = "Cube.Net", "Libraries\Core\Cube.Net.csproj", "{06EDF5D3-6A49-445B-A605-B9A9EE2250E2}"
EndProject
Project("{FAE04EC0-301F-11D3-BF4B-00C04F79EFBC}") = "Cube.Net.Rss", "Libraries\Rss\Cube.Net.Rss.csproj", "{55318A0A-A2B5-4518-A308-EC4912E2F8FA}"
EndProject
Project("{9A19103F-16F7-4668-BE54-9A1E7A4F7556}") = "Cube.Net.Rss.Reader", "Applications\Rss\Reader\Cube.Net.Rss.Reader.csproj", "{C7742724-1786-4FDB-86C1-10090245D25E}"
EndProject
Project("{9A19103F-16F7-4668-BE54-9A1E7A4F7556}") = "Cube.Net.Tests", "Tests\Core\Cube.Net.Tests.csproj", "{03DB8859-93F8-4335-BBA1-0C04981A970A}"
EndProject
Project("{9A19103F-16F7-4668-BE54-9A1E7A4F7556}") = "Cube.Net.Rss.Tests", "Tests\Rss\Cube.Net.Rss.Tests.csproj", "{91B9E559-B44B-4AF4-9401-13CA795AB9E8}"
EndProject
Global
	GlobalSection(SolutionConfigurationPlatforms) = preSolution
		Debug|Any CPU = Debug|Any CPU
		Debug|x64 = Debug|x64
		Debug|x86 = Debug|x86
		Release|Any CPU = Release|Any CPU
		Release|x64 = Release|x64
		Release|x86 = Release|x86
	EndGlobalSection
	GlobalSection(ProjectConfigurationPlatforms) = postSolution
		{06EDF5D3-6A49-445B-A605-B9A9EE2250E2}.Debug|Any CPU.ActiveCfg = Debug|Any CPU
		{06EDF5D3-6A49-445B-A605-B9A9EE2250E2}.Debug|Any CPU.Build.0 = Debug|Any CPU
		{06EDF5D3-6A49-445B-A605-B9A9EE2250E2}.Debug|x64.ActiveCfg = Debug|Any CPU
		{06EDF5D3-6A49-445B-A605-B9A9EE2250E2}.Debug|x64.Build.0 = Debug|Any CPU
		{06EDF5D3-6A49-445B-A605-B9A9EE2250E2}.Debug|x86.ActiveCfg = Debug|Any CPU
		{06EDF5D3-6A49-445B-A605-B9A9EE2250E2}.Debug|x86.Build.0 = Debug|Any CPU
		{06EDF5D3-6A49-445B-A605-B9A9EE2250E2}.Release|Any CPU.ActiveCfg = Release|Any CPU
		{06EDF5D3-6A49-445B-A605-B9A9EE2250E2}.Release|Any CPU.Build.0 = Release|Any CPU
		{06EDF5D3-6A49-445B-A605-B9A9EE2250E2}.Release|x64.ActiveCfg = Release|Any CPU
		{06EDF5D3-6A49-445B-A605-B9A9EE2250E2}.Release|x64.Build.0 = Release|Any CPU
		{06EDF5D3-6A49-445B-A605-B9A9EE2250E2}.Release|x86.ActiveCfg = Release|Any CPU
		{06EDF5D3-6A49-445B-A605-B9A9EE2250E2}.Release|x86.Build.0 = Release|Any CPU
		{55318A0A-A2B5-4518-A308-EC4912E2F8FA}.Debug|Any CPU.ActiveCfg = Debug|Any CPU
		{55318A0A-A2B5-4518-A308-EC4912E2F8FA}.Debug|Any CPU.Build.0 = Debug|Any CPU
		{55318A0A-A2B5-4518-A308-EC4912E2F8FA}.Debug|x64.ActiveCfg = Debug|Any CPU
		{55318A0A-A2B5-4518-A308-EC4912E2F8FA}.Debug|x64.Build.0 = Debug|Any CPU
		{55318A0A-A2B5-4518-A308-EC4912E2F8FA}.Debug|x86.ActiveCfg = Debug|Any CPU
		{55318A0A-A2B5-4518-A308-EC4912E2F8FA}.Debug|x86.Build.0 = Debug|Any CPU
		{55318A0A-A2B5-4518-A308-EC4912E2F8FA}.Release|Any CPU.ActiveCfg = Release|Any CPU
		{55318A0A-A2B5-4518-A308-EC4912E2F8FA}.Release|Any CPU.Build.0 = Release|Any CPU
		{55318A0A-A2B5-4518-A308-EC4912E2F8FA}.Release|x64.ActiveCfg = Release|Any CPU
		{55318A0A-A2B5-4518-A308-EC4912E2F8FA}.Release|x64.Build.0 = Release|Any CPU
		{55318A0A-A2B5-4518-A308-EC4912E2F8FA}.Release|x86.ActiveCfg = Release|Any CPU
		{55318A0A-A2B5-4518-A308-EC4912E2F8FA}.Release|x86.Build.0 = Release|Any CPU
		{C7742724-1786-4FDB-86C1-10090245D25E}.Debug|Any CPU.ActiveCfg = Debug|Any CPU
		{C7742724-1786-4FDB-86C1-10090245D25E}.Debug|Any CPU.Build.0 = Debug|Any CPU
		{C7742724-1786-4FDB-86C1-10090245D25E}.Debug|x64.ActiveCfg = Debug|x64
		{C7742724-1786-4FDB-86C1-10090245D25E}.Debug|x64.Build.0 = Debug|x64
		{C7742724-1786-4FDB-86C1-10090245D25E}.Debug|x86.ActiveCfg = Debug|x86
		{C7742724-1786-4FDB-86C1-10090245D25E}.Debug|x86.Build.0 = Debug|x86
		{C7742724-1786-4FDB-86C1-10090245D25E}.Release|Any CPU.ActiveCfg = Release|Any CPU
		{C7742724-1786-4FDB-86C1-10090245D25E}.Release|Any CPU.Build.0 = Release|Any CPU
		{C7742724-1786-4FDB-86C1-10090245D25E}.Release|x64.ActiveCfg = Release|x64
		{C7742724-1786-4FDB-86C1-10090245D25E}.Release|x64.Build.0 = Release|x64
		{C7742724-1786-4FDB-86C1-10090245D25E}.Release|x86.ActiveCfg = Release|x86
		{C7742724-1786-4FDB-86C1-10090245D25E}.Release|x86.Build.0 = Release|x86
		{03DB8859-93F8-4335-BBA1-0C04981A970A}.Debug|Any CPU.ActiveCfg = Debug|Any CPU
		{03DB8859-93F8-4335-BBA1-0C04981A970A}.Debug|Any CPU.Build.0 = Debug|Any CPU
		{03DB8859-93F8-4335-BBA1-0C04981A970A}.Debug|x64.ActiveCfg = Debug|Any CPU
		{03DB8859-93F8-4335-BBA1-0C04981A970A}.Debug|x64.Build.0 = Debug|Any CPU
		{03DB8859-93F8-4335-BBA1-0C04981A970A}.Debug|x86.ActiveCfg = Debug|Any CPU
		{03DB8859-93F8-4335-BBA1-0C04981A970A}.Debug|x86.Build.0 = Debug|Any CPU
		{03DB8859-93F8-4335-BBA1-0C04981A970A}.Release|Any CPU.ActiveCfg = Release|Any CPU
		{03DB8859-93F8-4335-BBA1-0C04981A970A}.Release|Any CPU.Build.0 = Release|Any CPU
		{03DB8859-93F8-4335-BBA1-0C04981A970A}.Release|x64.ActiveCfg = Release|Any CPU
		{03DB8859-93F8-4335-BBA1-0C04981A970A}.Release|x64.Build.0 = Release|Any CPU
		{03DB8859-93F8-4335-BBA1-0C04981A970A}.Release|x86.ActiveCfg = Release|Any CPU
		{03DB8859-93F8-4335-BBA1-0C04981A970A}.Release|x86.Build.0 = Release|Any CPU
		{91B9E559-B44B-4AF4-9401-13CA795AB9E8}.Debug|Any CPU.ActiveCfg = Debug|Any CPU
		{91B9E559-B44B-4AF4-9401-13CA795AB9E8}.Debug|Any CPU.Build.0 = Debug|Any CPU
		{91B9E559-B44B-4AF4-9401-13CA795AB9E8}.Debug|x64.ActiveCfg = Debug|x64
		{91B9E559-B44B-4AF4-9401-13CA795AB9E8}.Debug|x64.Build.0 = Debug|x64
		{91B9E559-B44B-4AF4-9401-13CA795AB9E8}.Debug|x86.ActiveCfg = Debug|x86
		{91B9E559-B44B-4AF4-9401-13CA795AB9E8}.Debug|x86.Build.0 = Debug|x86
		{91B9E559-B44B-4AF4-9401-13CA795AB9E8}.Release|Any CPU.ActiveCfg = Release|Any CPU
		{91B9E559-B44B-4AF4-9401-13CA795AB9E8}.Release|Any CPU.Build.0 = Release|Any CPU
		{91B9E559-B44B-4AF4-9401-13CA795AB9E8}.Release|x64.ActiveCfg = Release|x64
		{91B9E559-B44B-4AF4-9401-13CA795AB9E8}.Release|x64.Build.0 = Release|x64
		{91B9E559-B44B-4AF4-9401-13CA795AB9E8}.Release|x86.ActiveCfg = Release|x86
		{91B9E559-B44B-4AF4-9401-13CA795AB9E8}.Release|x86.Build.0 = Release|x86
	EndGlobalSection
	GlobalSection(SolutionProperties) = preSolution
		HideSolutionNode = FALSE
	EndGlobalSection
	GlobalSection(ExtensibilityGlobals) = postSolution
		SolutionGuid = {2C9B3C8F-EC05-4793-B9B4-893B4BA1314A}
	EndGlobalSection
EndGlobal
